PODS:
  - Flutter (1.0.0)
  - Stripe (21.0.0-mc-beta-1):
    - Stripe/Stripe3DS2 (= 21.0.0-mc-beta-1)
  - Stripe/Stripe3DS2 (21.0.0-mc-beta-1)

DEPENDENCIES:
  - Flutter (from `Flutter`)
  - Stripe (from `https://github.com/stripe/stripe-ios.git`, branch `mc-beta-2`)

EXTERNAL SOURCES:
  Flutter:
    :path: Flutter
  Stripe:
    :branch: mc-beta-2
    :git: https://github.com/stripe/stripe-ios.git

CHECKOUT OPTIONS:
  Stripe:
    :commit: 5f1cfb23339ebc21fc30e53b3bbc9404cff08859
    :git: https://github.com/stripe/stripe-ios.git

SPEC CHECKSUMS:
  Flutter: 0e3d915762c693b495b44d77113d4970485de6ec
  Stripe: 4f9369bb8f036ed106d12355e622d934c2ec60a1

PODFILE CHECKSUM: f02418926f6d2348cc85b0eb3038e9739a31436b

COCOAPODS: 1.10.1
